
Microsoft Visual Studio Solution File, Format Version 12.00
# Visual Studio Version 16
VisualStudioVersion = 16.0.31702.278
MinimumVisualStudioVersion = 10.0.40219.1
Project("{9A19103F-16F7-4668-BE54-9A1E7A4F7556}") = "Task1", "ConsoleApp1\Task1.csproj", "{70576E17-55D4-449F-AFEB-19D980ABD3DE}"
EndProject
Project("{9A19103F-16F7-4668-BE54-9A1E7A4F7556}") = "Task2", "Task2\Task2.csproj", "{72BB3332-1517-4D30-99B9-C70A13CE536E}"
EndProject
Project("{9A19103F-16F7-4668-BE54-9A1E7A4F7556}") = "Task4", "Task4\Task4.csproj", "{6D1B238A-447B-4F2D-A69F-9C0502D4B9CB}"
EndProject
Global
	GlobalSection(SolutionConfigurationPlatforms) = preSolution
		Debug|Any CPU = Debug|Any CPU
		Release|Any CPU = Release|Any CPU
	EndGlobalSection
	GlobalSection(ProjectConfigurationPlatforms) = postSolution
		{70576E17-55D4-449F-AFEB-19D980ABD3DE}.Debug|Any CPU.ActiveCfg = Debug|Any CPU
		{70576E17-55D4-449F-AFEB-19D980ABD3DE}.Debug|Any CPU.Build.0 = Debug|Any CPU
		{70576E17-55D4-449F-AFEB-19D980ABD3DE}.Release|Any CPU.ActiveCfg = Release|Any CPU
		{70576E17-55D4-449F-AFEB-19D980ABD3DE}.Release|Any CPU.Build.0 = Release|Any CPU
		{72BB3332-1517-4D30-99B9-C70A13CE536E}.Debug|Any CPU.ActiveCfg = Debug|Any CPU
		{72BB3332-1517-4D30-99B9-C70A13CE536E}.Debug|Any CPU.Build.0 = Debug|Any CPU
		{72BB3332-1517-4D30-99B9-C70A13CE536E}.Release|Any CPU.ActiveCfg = Release|Any CPU
		{72BB3332-1517-4D30-99B9-C70A13CE536E}.Release|Any CPU.Build.0 = Release|Any CPU
		{6D1B238A-447B-4F2D-A69F-9C0502D4B9CB}.Debug|Any CPU.ActiveCfg = Debug|Any CPU
		{6D1B238A-447B-4F2D-A69F-9C0502D4B9CB}.Debug|Any CPU.Build.0 = Debug|Any CPU
		{6D1B238A-447B-4F2D-A69F-9C0502D4B9CB}.Release|Any CPU.ActiveCfg = Release|Any CPU
		{6D1B238A-447B-4F2D-A69F-9C0502D4B9CB}.Release|Any CPU.Build.0 = Release|Any CPU
	EndGlobalSection
	GlobalSection(SolutionProperties) = preSolution
		HideSolutionNode = FALSE
	EndGlobalSection
	GlobalSection(ExtensibilityGlobals) = postSolution
		SolutionGuid = {DF10031B-6197-4F56-B7CB-77853FCA1C8D}
	EndGlobalSection
EndGlobal
